
Microsoft Visual Studio Solution File, Format Version 12.00
# Visual Studio Version 16
VisualStudioVersion = 16.0.30114.105
MinimumVisualStudioVersion = 10.0.40219.1
Project("{8BC9CEB8-8B4A-11D0-8D11-00A0C91BC942}") = "MoCapLib", "MoCapLib\MoCapLib.vcxproj", "{503E8306-8576-4E6C-A1DB-109F90EC6127}"
EndProject
Project("{8BC9CEB8-8B4A-11D0-8D11-00A0C91BC942}") = "OP_XimeaCamera", "OP_XimeaCamera\OP_XimeaCamera.vcxproj", "{92884D68-147A-4270-B517-F57727C76CA5}"
EndProject
Project("{8BC9CEB8-8B4A-11D0-8D11-00A0C91BC942}") = "TOP_ThreadTo", "TOP_ThreadTo\TOP_ThreadTo.vcxproj", "{81EB8E36-C698-47C7-B3A3-69C1D97568C5}"
EndProject
Project("{8BC9CEB8-8B4A-11D0-8D11-00A0C91BC942}") = "OP_SyncCameras", "OP_SyncCameras\OP_SyncCameras.vcxproj", "{6492F259-D30C-4690-973F-056BF1665FCE}"
EndProject
Project("{8BC9CEB8-8B4A-11D0-8D11-00A0C91BC942}") = "DAT_XimeaCameras", "DAT_XimeaCameras\DAT_XimeaCamera.vcxproj", "{E2BFDE4C-F1A1-4638-B747-559D7BCC041F}"
EndProject
Project("{8BC9CEB8-8B4A-11D0-8D11-00A0C91BC942}") = "DAT_ThreadTo", "DAT_ThreadTo\DAT_ThreadTo.vcxproj", "{F80CE4B6-C986-44D9-8A49-B0AD6C549378}"
EndProject
Project("{8BC9CEB8-8B4A-11D0-8D11-00A0C91BC942}") = "OP_Recorder", "OP_Recorder\OP_Recorder.vcxproj", "{CD29B359-C77F-4D1E-A668-4AB2FB830316}"
EndProject
Project("{8BC9CEB8-8B4A-11D0-8D11-00A0C91BC942}") = "OP_Player", "OP_Player\OP_Player.vcxproj", "{7013E675-8915-4CA1-A52E-872F24D7C560}"
EndProject
Project("{8BC9CEB8-8B4A-11D0-8D11-00A0C91BC942}") = "OP_Centroids", "OP_Centroids\OP_Centroids.vcxproj", "{444166D2-E674-4E01-88F7-BD8728D8FF54}"
EndProject
Project("{8BC9CEB8-8B4A-11D0-8D11-00A0C91BC942}") = "OP_Triangulate", "OP_Triangulate\OP_Triangulate.vcxproj", "{F4602932-B83D-45FA-AD98-A7995D9CBAD9}"
EndProject
Project("{8BC9CEB8-8B4A-11D0-8D11-00A0C91BC942}") = "CHOP_ThreadTo", "CHOP_ThreadTo\CHOP_ThreadTo.vcxproj", "{C7B7724F-72A1-4E47-855C-BC46A7F978F9}"
EndProject
Project("{8BC9CEB8-8B4A-11D0-8D11-00A0C91BC942}") = "SOP_ThreadTo", "SOP_ThreadTo\SOP_ThreadTo.vcxproj", "{9C9D9CCB-7FED-4649-8A88-128B84C988D3}"
EndProject
Project("{8BC9CEB8-8B4A-11D0-8D11-00A0C91BC942}") = "OP_Tracking", "OP_Tracking\OP_Tracking.vcxproj", "{3DF4F888-027D-466D-BC32-07CC14BA23B1}"
EndProject
Project("{8BC9CEB8-8B4A-11D0-8D11-00A0C91BC942}") = "OP_FilterAndBin", "OP_FilterAndBin\OP_FilterAndBin.vcxproj", "{DAB86D14-5A3E-4B66-B1A6-EF3F740C5494}"
EndProject
Project("{8BC9CEB8-8B4A-11D0-8D11-00A0C91BC942}") = "DAT_Debug", "DAT_Debug\DAT_Debug.vcxproj", "{279F0CCA-8527-4941-B55C-82E81B2ADDF9}"
EndProject
Project("{8BC9CEB8-8B4A-11D0-8D11-00A0C91BC942}") = "ConsoleTest", "ConsoleTest\ConsoleTest.vcxproj", "{2E374951-AB8A-45F8-AFFB-1B0E3F270F58}"
EndProject
Global
	GlobalSection(SolutionConfigurationPlatforms) = preSolution
		Debug|x64 = Debug|x64
		Debug|x86 = Debug|x86
		Release|x64 = Release|x64
		Release|x86 = Release|x86
	EndGlobalSection
	GlobalSection(ProjectConfigurationPlatforms) = postSolution
		{503E8306-8576-4E6C-A1DB-109F90EC6127}.Debug|x64.ActiveCfg = Debug|x64
		{503E8306-8576-4E6C-A1DB-109F90EC6127}.Debug|x64.Build.0 = Debug|x64
		{503E8306-8576-4E6C-A1DB-109F90EC6127}.Debug|x86.ActiveCfg = Debug|x64
		{503E8306-8576-4E6C-A1DB-109F90EC6127}.Release|x64.ActiveCfg = Release|x64
		{503E8306-8576-4E6C-A1DB-109F90EC6127}.Release|x64.Build.0 = Release|x64
		{503E8306-8576-4E6C-A1DB-109F90EC6127}.Release|x86.ActiveCfg = Release|x64
		{92884D68-147A-4270-B517-F57727C76CA5}.Debug|x64.ActiveCfg = Debug|x64
		{92884D68-147A-4270-B517-F57727C76CA5}.Debug|x64.Build.0 = Debug|x64
		{92884D68-147A-4270-B517-F57727C76CA5}.Debug|x86.ActiveCfg = Debug|x64
		{92884D68-147A-4270-B517-F57727C76CA5}.Release|x64.ActiveCfg = Release|x64
		{92884D68-147A-4270-B517-F57727C76CA5}.Release|x64.Build.0 = Release|x64
		{92884D68-147A-4270-B517-F57727C76CA5}.Release|x86.ActiveCfg = Release|x64
		{81EB8E36-C698-47C7-B3A3-69C1D97568C5}.Debug|x64.ActiveCfg = Debug|x64
		{81EB8E36-C698-47C7-B3A3-69C1D97568C5}.Debug|x64.Build.0 = Debug|x64
		{81EB8E36-C698-47C7-B3A3-69C1D97568C5}.Debug|x86.ActiveCfg = Debug|x64
		{81EB8E36-C698-47C7-B3A3-69C1D97568C5}.Release|x64.ActiveCfg = Release|x64
		{81EB8E36-C698-47C7-B3A3-69C1D97568C5}.Release|x64.Build.0 = Release|x64
		{81EB8E36-C698-47C7-B3A3-69C1D97568C5}.Release|x86.ActiveCfg = Release|x64
		{6492F259-D30C-4690-973F-056BF1665FCE}.Debug|x64.ActiveCfg = Debug|x64
		{6492F259-D30C-4690-973F-056BF1665FCE}.Debug|x64.Build.0 = Debug|x64
		{6492F259-D30C-4690-973F-056BF1665FCE}.Debug|x86.ActiveCfg = Debug|x64
		{6492F259-D30C-4690-973F-056BF1665FCE}.Release|x64.ActiveCfg = Release|x64
		{6492F259-D30C-4690-973F-056BF1665FCE}.Release|x64.Build.0 = Release|x64
		{6492F259-D30C-4690-973F-056BF1665FCE}.Release|x86.ActiveCfg = Release|x64
		{E2BFDE4C-F1A1-4638-B747-559D7BCC041F}.Debug|x64.ActiveCfg = Debug|x64
		{E2BFDE4C-F1A1-4638-B747-559D7BCC041F}.Debug|x64.Build.0 = Debug|x64
		{E2BFDE4C-F1A1-4638-B747-559D7BCC041F}.Debug|x86.ActiveCfg = Debug|x64
		{E2BFDE4C-F1A1-4638-B747-559D7BCC041F}.Release|x64.ActiveCfg = Release|x64
		{E2BFDE4C-F1A1-4638-B747-559D7BCC041F}.Release|x64.Build.0 = Release|x64
		{E2BFDE4C-F1A1-4638-B747-559D7BCC041F}.Release|x86.ActiveCfg = Release|x64
		{F80CE4B6-C986-44D9-8A49-B0AD6C549378}.Debug|x64.ActiveCfg = Debug|x64
		{F80CE4B6-C986-44D9-8A49-B0AD6C549378}.Debug|x64.Build.0 = Debug|x64
		{F80CE4B6-C986-44D9-8A49-B0AD6C549378}.Debug|x86.ActiveCfg = Debug|x64
		{F80CE4B6-C986-44D9-8A49-B0AD6C549378}.Release|x64.ActiveCfg = Release|x64
		{F80CE4B6-C986-44D9-8A49-B0AD6C549378}.Release|x64.Build.0 = Release|x64
		{F80CE4B6-C986-44D9-8A49-B0AD6C549378}.Release|x86.ActiveCfg = Release|x64
		{CD29B359-C77F-4D1E-A668-4AB2FB830316}.Debug|x64.ActiveCfg = Debug|x64
		{CD29B359-C77F-4D1E-A668-4AB2FB830316}.Debug|x64.Build.0 = Debug|x64
		{CD29B359-C77F-4D1E-A668-4AB2FB830316}.Debug|x86.ActiveCfg = Debug|x64
		{CD29B359-C77F-4D1E-A668-4AB2FB830316}.Release|x64.ActiveCfg = Release|x64
		{CD29B359-C77F-4D1E-A668-4AB2FB830316}.Release|x64.Build.0 = Release|x64
		{CD29B359-C77F-4D1E-A668-4AB2FB830316}.Release|x86.ActiveCfg = Release|x64
		{7013E675-8915-4CA1-A52E-872F24D7C560}.Debug|x64.ActiveCfg = Debug|x64
		{7013E675-8915-4CA1-A52E-872F24D7C560}.Debug|x64.Build.0 = Debug|x64
		{7013E675-8915-4CA1-A52E-872F24D7C560}.Debug|x86.ActiveCfg = Debug|x64
		{7013E675-8915-4CA1-A52E-872F24D7C560}.Release|x64.ActiveCfg = Release|x64
		{7013E675-8915-4CA1-A52E-872F24D7C560}.Release|x64.Build.0 = Release|x64
		{7013E675-8915-4CA1-A52E-872F24D7C560}.Release|x86.ActiveCfg = Release|x64
		{444166D2-E674-4E01-88F7-BD8728D8FF54}.Debug|x64.ActiveCfg = Debug|x64
		{444166D2-E674-4E01-88F7-BD8728D8FF54}.Debug|x64.Build.0 = Debug|x64
		{444166D2-E674-4E01-88F7-BD8728D8FF54}.Debug|x86.ActiveCfg = Debug|x64
		{444166D2-E674-4E01-88F7-BD8728D8FF54}.Release|x64.ActiveCfg = Release|x64
		{444166D2-E674-4E01-88F7-BD8728D8FF54}.Release|x64.Build.0 = Release|x64
		{444166D2-E674-4E01-88F7-BD8728D8FF54}.Release|x86.ActiveCfg = Release|x64
		{F4602932-B83D-45FA-AD98-A7995D9CBAD9}.Debug|x64.ActiveCfg = Debug|x64
		{F4602932-B83D-45FA-AD98-A7995D9CBAD9}.Debug|x64.Build.0 = Debug|x64
		{F4602932-B83D-45FA-AD98-A7995D9CBAD9}.Debug|x86.ActiveCfg = Debug|x64
		{F4602932-B83D-45FA-AD98-A7995D9CBAD9}.Release|x64.ActiveCfg = Release|x64
		{F4602932-B83D-45FA-AD98-A7995D9CBAD9}.Release|x64.Build.0 = Release|x64
		{F4602932-B83D-45FA-AD98-A7995D9CBAD9}.Release|x86.ActiveCfg = Release|x64
		{C7B7724F-72A1-4E47-855C-BC46A7F978F9}.Debug|x64.ActiveCfg = Debug|x64
		{C7B7724F-72A1-4E47-855C-BC46A7F978F9}.Debug|x64.Build.0 = Debug|x64
		{C7B7724F-72A1-4E47-855C-BC46A7F978F9}.Debug|x86.ActiveCfg = Debug|x64
		{C7B7724F-72A1-4E47-855C-BC46A7F978F9}.Release|x64.ActiveCfg = Release|x64
		{C7B7724F-72A1-4E47-855C-BC46A7F978F9}.Release|x64.Build.0 = Release|x64
		{C7B7724F-72A1-4E47-855C-BC46A7F978F9}.Release|x86.ActiveCfg = Release|x64
		{9C9D9CCB-7FED-4649-8A88-128B84C988D3}.Debug|x64.ActiveCfg = Debug|x64
		{9C9D9CCB-7FED-4649-8A88-128B84C988D3}.Debug|x64.Build.0 = Debug|x64
		{9C9D9CCB-7FED-4649-8A88-128B84C988D3}.Debug|x86.ActiveCfg = Debug|x64
		{9C9D9CCB-7FED-4649-8A88-128B84C988D3}.Release|x64.ActiveCfg = Release|x64
		{9C9D9CCB-7FED-4649-8A88-128B84C988D3}.Release|x64.Build.0 = Release|x64
		{9C9D9CCB-7FED-4649-8A88-128B84C988D3}.Release|x86.ActiveCfg = Release|x64
		{3DF4F888-027D-466D-BC32-07CC14BA23B1}.Debug|x64.ActiveCfg = Debug|x64
		{3DF4F888-027D-466D-BC32-07CC14BA23B1}.Debug|x64.Build.0 = Debug|x64
		{3DF4F888-027D-466D-BC32-07CC14BA23B1}.Debug|x86.ActiveCfg = Debug|x64
		{3DF4F888-027D-466D-BC32-07CC14BA23B1}.Release|x64.ActiveCfg = Release|x64
		{3DF4F888-027D-466D-BC32-07CC14BA23B1}.Release|x64.Build.0 = Release|x64
		{3DF4F888-027D-466D-BC32-07CC14BA23B1}.Release|x86.ActiveCfg = Release|x64
		{DAB86D14-5A3E-4B66-B1A6-EF3F740C5494}.Debug|x64.ActiveCfg = Debug|x64
		{DAB86D14-5A3E-4B66-B1A6-EF3F740C5494}.Debug|x64.Build.0 = Debug|x64
		{DAB86D14-5A3E-4B66-B1A6-EF3F740C5494}.Debug|x86.ActiveCfg = Debug|x64
		{DAB86D14-5A3E-4B66-B1A6-EF3F740C5494}.Release|x64.ActiveCfg = Release|x64
		{DAB86D14-5A3E-4B66-B1A6-EF3F740C5494}.Release|x64.Build.0 = Release|x64
		{DAB86D14-5A3E-4B66-B1A6-EF3F740C5494}.Release|x86.ActiveCfg = Release|x64
		{279F0CCA-8527-4941-B55C-82E81B2ADDF9}.Debug|x64.ActiveCfg = Debug|x64
		{279F0CCA-8527-4941-B55C-82E81B2ADDF9}.Debug|x64.Build.0 = Debug|x64
		{279F0CCA-8527-4941-B55C-82E81B2ADDF9}.Debug|x86.ActiveCfg = Debug|x64
		{279F0CCA-8527-4941-B55C-82E81B2ADDF9}.Release|x64.ActiveCfg = Release|x64
		{279F0CCA-8527-4941-B55C-82E81B2ADDF9}.Release|x64.Build.0 = Release|x64
		{279F0CCA-8527-4941-B55C-82E81B2ADDF9}.Release|x86.ActiveCfg = Release|x64
		{2E374951-AB8A-45F8-AFFB-1B0E3F270F58}.Debug|x64.ActiveCfg = Debug|x64
		{2E374951-AB8A-45F8-AFFB-1B0E3F270F58}.Debug|x64.Build.0 = Debug|x64
		{2E374951-AB8A-45F8-AFFB-1B0E3F270F58}.Debug|x86.ActiveCfg = Debug|Win32
		{2E374951-AB8A-45F8-AFFB-1B0E3F270F58}.Debug|x86.Build.0 = Debug|Win32
		{2E374951-AB8A-45F8-AFFB-1B0E3F270F58}.Release|x64.ActiveCfg = Release|x64
		{2E374951-AB8A-45F8-AFFB-1B0E3F270F58}.Release|x64.Build.0 = Release|x64
		{2E374951-AB8A-45F8-AFFB-1B0E3F270F58}.Release|x86.ActiveCfg = Release|Win32
		{2E374951-AB8A-45F8-AFFB-1B0E3F270F58}.Release|x86.Build.0 = Release|Win32
	EndGlobalSection
	GlobalSection(SolutionProperties) = preSolution
		HideSolutionNode = FALSE
	EndGlobalSection
	GlobalSection(ExtensibilityGlobals) = postSolution
		SolutionGuid = {D93B751B-4DEB-4A4F-9EE2-2566ADFC6C99}
	EndGlobalSection
EndGlobal
