<?xml version="1.0" encoding="utf-8"?>
<Project ToolsVersion="4.0" xmlns="http://schemas.microsoft.com/developer/msbuild/2003">
  <ItemGroup>
    <ClCompile Include="pch_TOP_ThreadTo.cpp" />
    <ClCompile Include="plugin.cpp" />
    <ClCompile Include="TOP_ThreadTo.cpp" />
  </ItemGroup>
  <ItemGroup>
    <ClInclude Include="pch_TOP_ThreadTo.h" />
    <ClInclude Include="TOP_ThreadTo.h" />
  </ItemGroup>
</Project>