<?xml version="1.0" encoding="utf-8"?>
<Project ToolsVersion="4.0" xmlns="http://schemas.microsoft.com/developer/msbuild/2003">
  <ItemGroup>
    <ClCompile Include="Exception.cpp" />
    <ClCompile Include="Frames\BaseFrame.cpp">
      <Filter>Frames</Filter>
    </ClCompile>
    <ClCompile Include="Frames\CameraFrame.cpp">
      <Filter>Frames</Filter>
    </ClCompile>
    <ClCompile Include="Frames\CentroidsFrame.cpp">
      <Filter>Frames</Filter>
    </ClCompile>
    <ClCompile Include="Frames\FilterAndBinFrame.cpp">
      <Filter>Frames</Filter>
    </ClCompile>
    <ClCompile Include="Frames\SynchronisedFrame.cpp">
      <Filter>Frames</Filter>
    </ClCompile>
    <ClCompile Include="Frames\TrackingFrame.cpp">
      <Filter>Frames</Filter>
    </ClCompile>
    <ClCompile Include="Frames\TriangulateFrame.cpp">
      <Filter>Frames</Filter>
    </ClCompile>
    <ClCompile Include="ImageFormat.cpp" />
    <ClCompile Include="Links\Input.cpp">
      <Filter>Links</Filter>
    </ClCompile>
    <ClCompile Include="Links\Output.cpp">
      <Filter>Links</Filter>
    </ClCompile>
    <ClCompile Include="Links\OutputsRegister.cpp">
      <Filter>Links</Filter>
    </ClCompile>
    <ClCompile Include="Math\Camera.cpp">
      <Filter>Math</Filter>
    </ClCompile>
    <ClCompile Include="Math\Conversions.cpp">
      <Filter>Math</Filter>
    </ClCompile>
    <ClCompile Include="Math\Ray.cpp">
      <Filter>Math</Filter>
    </ClCompile>
    <ClCompile Include="pch_MoCapLib.cpp" />
    <ClCompile Include="Utils\ChannelSet.cpp">
      <Filter>Utils</Filter>
    </ClCompile>
    <ClCompile Include="Utils\ErrorBuffer.cpp">
      <Filter>Utils</Filter>
    </ClCompile>
    <ClCompile Include="Utils\FrameRateCounter.cpp">
      <Filter>Utils</Filter>
    </ClCompile>
    <ClCompile Include="Utils\OpticalFlow.cpp">
      <Filter>Utils</Filter>
    </ClCompile>
    <ClCompile Include="Utils\Parameter.cpp">
      <Filter>Utils</Filter>
    </ClCompile>
    <ClCompile Include="Utils\Parameters.cpp">
      <Filter>Utils</Filter>
    </ClCompile>
    <ClCompile Include="Utils\Table.cpp">
      <Filter>Utils</Filter>
    </ClCompile>
    <ClCompile Include="Utils\WorkerGroup.cpp">
      <Filter>Utils</Filter>
    </ClCompile>
    <ClCompile Include="Utils\WorkerThread.cpp">
      <Filter>Utils</Filter>
    </ClCompile>
    <ClCompile Include="Frames\OneEuroFilterFrame.cpp">
      <Filter>Frames</Filter>
    </ClCompile>
    <ClCompile Include="Utils\OneEuroFilter.cpp">
      <Filter>Utils</Filter>
    </ClCompile>
  </ItemGroup>
  <ItemGroup>
    <ClInclude Include="Constants.h" />
    <ClInclude Include="Exception.h" />
    <ClInclude Include="Frames\BaseFrame.h">
      <Filter>Frames</Filter>
    </ClInclude>
    <ClInclude Include="Frames\CameraFrame.h">
      <Filter>Frames</Filter>
    </ClInclude>
    <ClInclude Include="Frames\CentroidsFrame.h">
      <Filter>Frames</Filter>
    </ClInclude>
    <ClInclude Include="Frames\FilterAndBinFrame.h">
      <Filter>Frames</Filter>
    </ClInclude>
    <ClInclude Include="Frames\SynchronisedFrame.h">
      <Filter>Frames</Filter>
    </ClInclude>
    <ClInclude Include="Frames\TrackingFrame.h">
      <Filter>Frames</Filter>
    </ClInclude>
    <ClInclude Include="Frames\TriangulateFrame.h">
      <Filter>Frames</Filter>
    </ClInclude>
    <ClInclude Include="ImageFormat.h" />
    <ClInclude Include="Links\Input.h">
      <Filter>Links</Filter>
    </ClInclude>
    <ClInclude Include="Links\Output.h">
      <Filter>Links</Filter>
    </ClInclude>
    <ClInclude Include="Links\OutputsRegister.h">
      <Filter>Links</Filter>
    </ClInclude>
    <ClInclude Include="Math\Camera.h">
      <Filter>Math</Filter>
    </ClInclude>
    <ClInclude Include="Math\Conversions.h">
      <Filter>Math</Filter>
    </ClInclude>
    <ClInclude Include="Math\Ray.h">
      <Filter>Math</Filter>
    </ClInclude>
    <ClInclude Include="MoCapLib.h" />
    <ClInclude Include="pch_MoCapLib.h" />
    <ClInclude Include="Threaded_OP.h" />
    <ClInclude Include="Threaded_OP.ipp" />
    <ClInclude Include="Utils\ChannelSet.h">
      <Filter>Utils</Filter>
    </ClInclude>
    <ClInclude Include="Utils\ErrorBuffer.h">
      <Filter>Utils</Filter>
    </ClInclude>
    <ClInclude Include="Utils\Event.h">
      <Filter>Utils</Filter>
    </ClInclude>
    <ClInclude Include="Utils\FrameRateCounter.h">
      <Filter>Utils</Filter>
    </ClInclude>
    <ClInclude Include="Utils\OpticalFlow.h">
      <Filter>Utils</Filter>
    </ClInclude>
    <ClInclude Include="Utils\Parameter.h">
      <Filter>Utils</Filter>
    </ClInclude>
    <ClInclude Include="Utils\Parameters.h">
      <Filter>Utils</Filter>
    </ClInclude>
    <ClInclude Include="Utils\Serialisable.h">
      <Filter>Utils</Filter>
    </ClInclude>
    <ClInclude Include="Utils\Table.h">
      <Filter>Utils</Filter>
    </ClInclude>
    <ClInclude Include="Utils\ThreadChannel.h">
      <Filter>Utils</Filter>
    </ClInclude>
    <ClInclude Include="Utils\Wakeable.h">
      <Filter>Utils</Filter>
    </ClInclude>
    <ClInclude Include="Utils\WorkerGroup.h">
      <Filter>Utils</Filter>
    </ClInclude>
    <ClInclude Include="Utils\WorkerThread.h">
      <Filter>Utils</Filter>
    </ClInclude>
    <ClInclude Include="Frames\OneEuroFilterFrame.h">
      <Filter>Frames</Filter>
    </ClInclude>
    <ClInclude Include="Utils\OneEuroFilter.h">
      <Filter>Utils</Filter>
    </ClInclude>
  </ItemGroup>
  <ItemGroup>
    <Filter Include="Frames">
      <UniqueIdentifier>{dd6c1a64-8e0f-4802-bdbf-4984cdd645bf}</UniqueIdentifier>
    </Filter>
    <Filter Include="Links">
      <UniqueIdentifier>{9fafc1fd-a587-4eea-8ffb-da4d6d6738f2}</UniqueIdentifier>
    </Filter>
    <Filter Include="Math">
      <UniqueIdentifier>{f124a524-0ed7-40f4-af6b-f2bfd79c2f9e}</UniqueIdentifier>
    </Filter>
    <Filter Include="Utils">
      <UniqueIdentifier>{58ecc804-7e9d-44f3-bf4a-03ee127db501}</UniqueIdentifier>
    </Filter>
  </ItemGroup>
</Project>