<?xml version="1.0" encoding="utf-8"?>
<Project ToolsVersion="4.0" xmlns="http://schemas.microsoft.com/developer/msbuild/2003">
  <ItemGroup>
    <ClInclude Include="..\thirdparty\xiAPIplus\xiapiplus.h">
      <Filter>xiAPIplus</Filter>
    </ClInclude>
    <ClInclude Include="CameraParameters.h" />
    <ClInclude Include="CameraThread.h" />
    <ClInclude Include="OP_XimeaCamera.h" />
    <ClInclude Include="pch_OP_XimeaCamera.h" />
  </ItemGroup>
  <ItemGroup>
    <ClCompile Include="..\thirdparty\xiAPIplus\xiAPIplus_core.cpp">
      <Filter>xiAPIplus</Filter>
    </ClCompile>
    <ClCompile Include="CameraThread.cpp" />
    <ClCompile Include="OP_XimeaCamera.cpp" />
    <ClCompile Include="pch_OP_XimeaCamera.cpp" />
    <ClCompile Include="plugin.cpp" />
  </ItemGroup>
  <ItemGroup>
    <Filter Include="xiAPIplus">
      <UniqueIdentifier>{8ab285b6-3ab1-4552-afe0-81f9e1476981}</UniqueIdentifier>
    </Filter>
  </ItemGroup>
</Project>